
Microsoft Visual Studio Solution File, Format Version 12.00
# Visual Studio Version 17
VisualStudioVersion = 17.3.32825.248
MinimumVisualStudioVersion = 10.0.40219.1
Project("{FAE04EC0-301F-11D3-BF4B-00C04F79EFBC}") = "UltiMiniApi", "UltiMiniApi\UltiMiniApi.csproj", "{E5E66535-6C81-416B-8608-93765590597F}"
EndProject
Global
	GlobalSection(SolutionConfigurationPlatforms) = preSolution
		Debug|Any CPU = Debug|Any CPU
		Release|Any CPU = Release|Any CPU
	EndGlobalSection
	GlobalSection(ProjectConfigurationPlatforms) = postSolution
		{E5E66535-6C81-416B-8608-93765590597F}.Debug|Any CPU.ActiveCfg = Debug|Any CPU
		{E5E66535-6C81-416B-8608-93765590597F}.Debug|Any CPU.Build.0 = Debug|Any CPU
		{E5E66535-6C81-416B-8608-93765590597F}.Release|Any CPU.ActiveCfg = Release|Any CPU
		{E5E66535-6C81-416B-8608-93765590597F}.Release|Any CPU.Build.0 = Release|Any CPU
	EndGlobalSection
	GlobalSection(SolutionProperties) = preSolution
		HideSolutionNode = FALSE
	EndGlobalSection
	GlobalSection(ExtensibilityGlobals) = postSolution
		SolutionGuid = {B1A61988-A5F9-40B0-9832-4BF94B5C37A4}
	EndGlobalSection
EndGlobal
